
Microsoft Visual Studio Solution File, Format Version 12.00
# Visual Studio 15
VisualStudioVersion = 15.0.28010.2048
MinimumVisualStudioVersion = 10.0.40219.1
Project("{8BC9CEB8-8B4A-11D0-8D11-00A0C91BC942}") = "LSH_GameFramework", "LSH_GameFramework\LSH_GameFramework.vcxproj", "{C5983E94-06DE-435C-84DB-F0BE5BC714F0}"
EndProject
Global
	GlobalSection(SolutionConfigurationPlatforms) = preSolution
		Debug|x64 = Debug|x64
		Debug|x86 = Debug|x86
		Release|x64 = Release|x64
		Release|x86 = Release|x86
	EndGlobalSection
	GlobalSection(ProjectConfigurationPlatforms) = postSolution
		{C5983E94-06DE-435C-84DB-F0BE5BC714F0}.Debug|x64.ActiveCfg = Debug|x64
		{C5983E94-06DE-435C-84DB-F0BE5BC714F0}.Debug|x64.Build.0 = Debug|x64
		{C5983E94-06DE-435C-84DB-F0BE5BC714F0}.Debug|x86.ActiveCfg = Debug|Win32
		{C5983E94-06DE-435C-84DB-F0BE5BC714F0}.Debug|x86.Build.0 = Debug|Win32
		{C5983E94-06DE-435C-84DB-F0BE5BC714F0}.Release|x64.ActiveCfg = Release|x64
		{C5983E94-06DE-435C-84DB-F0BE5BC714F0}.Release|x64.Build.0 = Release|x64
		{C5983E94-06DE-435C-84DB-F0BE5BC714F0}.Release|x86.ActiveCfg = Release|Win32
		{C5983E94-06DE-435C-84DB-F0BE5BC714F0}.Release|x86.Build.0 = Release|Win32
	EndGlobalSection
	GlobalSection(SolutionProperties) = preSolution
		HideSolutionNode = FALSE
	EndGlobalSection
	GlobalSection(ExtensibilityGlobals) = postSolution
		SolutionGuid = {51353BCC-76F8-4746-93E5-353511BAC5F1}
	EndGlobalSection
EndGlobal
